
Microsoft Visual Studio Solution File, Format Version 12.00
# Visual Studio 15
VisualStudioVersion = 15.0.28307.572
MinimumVisualStudioVersion = 10.0.40219.1
Project("{9A19103F-16F7-4668-BE54-9A1E7A4F7556}") = "EFCooperateClient", "EFCooperateClient\EFCooperateClient.csproj", "{5CFDDEDF-05CD-45C9-844C-D24130E79CFF}"
EndProject
Project("{FAE04EC0-301F-11D3-BF4B-00C04F79EFBC}") = "TestConsole", "TestConsole\TestConsole.csproj", "{4C5146C8-99D5-4360-AD06-C5557B228D59}"
EndProject
Global
	GlobalSection(SolutionConfigurationPlatforms) = preSolution
		Debug|Any CPU = Debug|Any CPU
		Release|Any CPU = Release|Any CPU
	EndGlobalSection
	GlobalSection(ProjectConfigurationPlatforms) = postSolution
		{5CFDDEDF-05CD-45C9-844C-D24130E79CFF}.Debug|Any CPU.ActiveCfg = Debug|Any CPU
		{5CFDDEDF-05CD-45C9-844C-D24130E79CFF}.Debug|Any CPU.Build.0 = Debug|Any CPU
		{5CFDDEDF-05CD-45C9-844C-D24130E79CFF}.Release|Any CPU.ActiveCfg = Release|Any CPU
		{5CFDDEDF-05CD-45C9-844C-D24130E79CFF}.Release|Any CPU.Build.0 = Release|Any CPU
		{4C5146C8-99D5-4360-AD06-C5557B228D59}.Debug|Any CPU.ActiveCfg = Debug|Any CPU
		{4C5146C8-99D5-4360-AD06-C5557B228D59}.Debug|Any CPU.Build.0 = Debug|Any CPU
		{4C5146C8-99D5-4360-AD06-C5557B228D59}.Release|Any CPU.ActiveCfg = Release|Any CPU
		{4C5146C8-99D5-4360-AD06-C5557B228D59}.Release|Any CPU.Build.0 = Release|Any CPU
	EndGlobalSection
	GlobalSection(SolutionProperties) = preSolution
		HideSolutionNode = FALSE
	EndGlobalSection
	GlobalSection(ExtensibilityGlobals) = postSolution
		SolutionGuid = {27468A6B-D8EF-4502-99BB-D1681F1CDD36}
	EndGlobalSection
EndGlobal
